
Microsoft Visual Studio Solution File, Format Version 12.00
# Visual Studio Version 17
VisualStudioVersion = 17.11.35303.130
MinimumVisualStudioVersion = 10.0.40219.1
Project("{FAE04EC0-301F-11D3-BF4B-00C04F79EFBC}") = "MRP", "MRP\MRP.csproj", "{E31FA713-4F24-4679-AB4C-924F6F69D291}"
EndProject
Project("{FAE04EC0-301F-11D3-BF4B-00C04F79EFBC}") = "MRP.Tests", "MRP.Tests\MRP.Tests.csproj", "{AFADFB37-D6FB-F8C2-713F-8A159F8EF8B2}"
EndProject
Global
	GlobalSection(SolutionConfigurationPlatforms) = preSolution
		Debug|Any CPU = Debug|Any CPU
		Release|Any CPU = Release|Any CPU
	EndGlobalSection
	GlobalSection(ProjectConfigurationPlatforms) = postSolution
		{E31FA713-4F24-4679-AB4C-924F6F69D291}.Debug|Any CPU.ActiveCfg = Debug|Any CPU
		{E31FA713-4F24-4679-AB4C-924F6F69D291}.Debug|Any CPU.Build.0 = Debug|Any CPU
		{E31FA713-4F24-4679-AB4C-924F6F69D291}.Release|Any CPU.ActiveCfg = Release|Any CPU
		{E31FA713-4F24-4679-AB4C-924F6F69D291}.Release|Any CPU.Build.0 = Release|Any CPU
		{AFADFB37-D6FB-F8C2-713F-8A159F8EF8B2}.Debug|Any CPU.ActiveCfg = Debug|Any CPU
		{AFADFB37-D6FB-F8C2-713F-8A159F8EF8B2}.Debug|Any CPU.Build.0 = Debug|Any CPU
		{AFADFB37-D6FB-F8C2-713F-8A159F8EF8B2}.Release|Any CPU.ActiveCfg = Release|Any CPU
		{AFADFB37-D6FB-F8C2-713F-8A159F8EF8B2}.Release|Any CPU.Build.0 = Release|Any CPU
	EndGlobalSection
	GlobalSection(SolutionProperties) = preSolution
		HideSolutionNode = FALSE
	EndGlobalSection
	GlobalSection(ExtensibilityGlobals) = postSolution
		SolutionGuid = {AEB77273-FC44-47DB-AB13-AEE5678779EB}
	EndGlobalSection
EndGlobal
